
Microsoft Visual Studio Solution File, Format Version 12.00
# Visual Studio Version 17
VisualStudioVersion = 17.3.32728.150
MinimumVisualStudioVersion = 10.0.40219.1
Project("{2150E333-8FDC-42A3-9474-1A3956D46DE8}") = "src", "src", "{CB64AA3B-2BC8-4D31-A13B-12E587FB5853}"
EndProject
Project("{9A19103F-16F7-4668-BE54-9A1E7A4F7556}") = "Snake.Core", "src\Snake.Core\Snake.Core.csproj", "{EEC56363-2D08-4009-B94F-5993D20EF937}"
EndProject
Project("{9A19103F-16F7-4668-BE54-9A1E7A4F7556}") = "Snake.Application", "src\Snake.Application\Snake.Application.csproj", "{E2237819-B177-4954-A0CF-0162DEB18769}"
EndProject
Project("{9A19103F-16F7-4668-BE54-9A1E7A4F7556}") = "Snake.Presentation", "src\Snake.Presentation\Snake.Presentation.csproj", "{9E20FAC1-7D42-400A-9426-A6490ACCE26D}"
EndProject
Project("{2150E333-8FDC-42A3-9474-1A3956D46DE8}") = "tests", "tests", "{A084543E-7F9E-4477-AC15-28F4553E9DE3}"
EndProject
Global
	GlobalSection(SolutionConfigurationPlatforms) = preSolution
		Debug|Any CPU = Debug|Any CPU
		Release|Any CPU = Release|Any CPU
	EndGlobalSection
	GlobalSection(ProjectConfigurationPlatforms) = postSolution
		{EEC56363-2D08-4009-B94F-5993D20EF937}.Debug|Any CPU.ActiveCfg = Debug|Any CPU
		{EEC56363-2D08-4009-B94F-5993D20EF937}.Debug|Any CPU.Build.0 = Debug|Any CPU
		{EEC56363-2D08-4009-B94F-5993D20EF937}.Release|Any CPU.ActiveCfg = Release|Any CPU
		{EEC56363-2D08-4009-B94F-5993D20EF937}.Release|Any CPU.Build.0 = Release|Any CPU
		{E2237819-B177-4954-A0CF-0162DEB18769}.Debug|Any CPU.ActiveCfg = Debug|Any CPU
		{E2237819-B177-4954-A0CF-0162DEB18769}.Debug|Any CPU.Build.0 = Debug|Any CPU
		{E2237819-B177-4954-A0CF-0162DEB18769}.Release|Any CPU.ActiveCfg = Release|Any CPU
		{E2237819-B177-4954-A0CF-0162DEB18769}.Release|Any CPU.Build.0 = Release|Any CPU
		{9E20FAC1-7D42-400A-9426-A6490ACCE26D}.Debug|Any CPU.ActiveCfg = Debug|Any CPU
		{9E20FAC1-7D42-400A-9426-A6490ACCE26D}.Debug|Any CPU.Build.0 = Debug|Any CPU
		{9E20FAC1-7D42-400A-9426-A6490ACCE26D}.Release|Any CPU.ActiveCfg = Release|Any CPU
		{9E20FAC1-7D42-400A-9426-A6490ACCE26D}.Release|Any CPU.Build.0 = Release|Any CPU
	EndGlobalSection
	GlobalSection(SolutionProperties) = preSolution
		HideSolutionNode = FALSE
	EndGlobalSection
	GlobalSection(NestedProjects) = preSolution
		{EEC56363-2D08-4009-B94F-5993D20EF937} = {CB64AA3B-2BC8-4D31-A13B-12E587FB5853}
		{E2237819-B177-4954-A0CF-0162DEB18769} = {CB64AA3B-2BC8-4D31-A13B-12E587FB5853}
		{9E20FAC1-7D42-400A-9426-A6490ACCE26D} = {CB64AA3B-2BC8-4D31-A13B-12E587FB5853}
	EndGlobalSection
	GlobalSection(ExtensibilityGlobals) = postSolution
		SolutionGuid = {B91EEC04-B39E-4D10-ABA5-6BC165E96ACD}
	EndGlobalSection
EndGlobal
